
Microsoft Visual Studio Solution File, Format Version 12.00
# Visual Studio Version 16
VisualStudioVersion = 16.0.30011.22
MinimumVisualStudioVersion = 10.0.40219.1
Project("{FAE04EC0-301F-11D3-BF4B-00C04F79EFBC}") = "LanguagePOLIZParser", "LanguagePOLIZParser\LanguagePOLIZParser.csproj", "{7E49CCC9-75F8-482D-9933-CB15E76BC627}"
EndProject
Project("{FAE04EC0-301F-11D3-BF4B-00C04F79EFBC}") = "LexicalAnalyzer", "LexicalAnalyzer\LexicalAnalyzer.csproj", "{22C0E9E9-1040-4AE0-BFDF-5DF573AEB851}"
EndProject
Global
	GlobalSection(SolutionConfigurationPlatforms) = preSolution
		Debug|Any CPU = Debug|Any CPU
		Release|Any CPU = Release|Any CPU
	EndGlobalSection
	GlobalSection(ProjectConfigurationPlatforms) = postSolution
		{7E49CCC9-75F8-482D-9933-CB15E76BC627}.Debug|Any CPU.ActiveCfg = Debug|Any CPU
		{7E49CCC9-75F8-482D-9933-CB15E76BC627}.Debug|Any CPU.Build.0 = Debug|Any CPU
		{7E49CCC9-75F8-482D-9933-CB15E76BC627}.Release|Any CPU.ActiveCfg = Release|Any CPU
		{7E49CCC9-75F8-482D-9933-CB15E76BC627}.Release|Any CPU.Build.0 = Release|Any CPU
		{22C0E9E9-1040-4AE0-BFDF-5DF573AEB851}.Debug|Any CPU.ActiveCfg = Debug|Any CPU
		{22C0E9E9-1040-4AE0-BFDF-5DF573AEB851}.Debug|Any CPU.Build.0 = Debug|Any CPU
		{22C0E9E9-1040-4AE0-BFDF-5DF573AEB851}.Release|Any CPU.ActiveCfg = Release|Any CPU
		{22C0E9E9-1040-4AE0-BFDF-5DF573AEB851}.Release|Any CPU.Build.0 = Release|Any CPU
	EndGlobalSection
	GlobalSection(SolutionProperties) = preSolution
		HideSolutionNode = FALSE
	EndGlobalSection
	GlobalSection(ExtensibilityGlobals) = postSolution
		SolutionGuid = {1D89D1CF-DEAA-4B74-8BAB-49376D4D4E67}
	EndGlobalSection
EndGlobal
